PODS:
  - GBFloatingTextField (1.0.5)

DEPENDENCIES:
  - GBFloatingTextField (from `../`)

EXTERNAL SOURCES:
  GBFloatingTextField:
    :path: "../"

SPEC CHECKSUMS:
  GBFloatingTextField: c2d521ed3197e1d16bd8fc97cad46ec399d0b599

PODFILE CHECKSUM: 7639ffd4c19ec10b6b2c6b648fea9613e2f43bc9

COCOAPODS: 1.8.4
